
Microsoft Visual Studio Solution File, Format Version 12.00
# Visual Studio 15
Project("{FAE04EC0-301F-11D3-BF4B-00C04F79EFBC}") = "MalModernUi.Android", "MalModernUi.Android\MalModernUi.Android.csproj", "{A89F6D75-CD5E-4FA2-B77E-99C2E37B4DE1}"
EndProject
Project("{FAE04EC0-301F-11D3-BF4B-00C04F79EFBC}") = "MalModernUi.iOS", "MalModernUi.iOS\MalModernUi.iOS.csproj", "{695967E4-3046-4A21-8849-2D1ADBBC510A}"
EndProject
Project("{FAE04EC0-301F-11D3-BF4B-00C04F79EFBC}") = "MalModernUi", "MalModernUi\MalModernUi.csproj", "{022DE519-00B6-45EC-9A55-9DD4F0E1DC16}"
EndProject
Global
	GlobalSection(SolutionConfigurationPlatforms) = preSolution
		Debug|Any CPU = Debug|Any CPU
		Release|Any CPU = Release|Any CPU
		Debug|iPhoneSimulator = Debug|iPhoneSimulator
		Release|iPhoneSimulator = Release|iPhoneSimulator
		Debug|iPhone = Debug|iPhone
		Release|iPhone = Release|iPhone
		Ad-Hoc|iPhone = Ad-Hoc|iPhone
		AppStore|iPhone = AppStore|iPhone
	EndGlobalSection
	GlobalSection(ProjectConfigurationPlatforms) = postSolution
		{A89F6D75-CD5E-4FA2-B77E-99C2E37B4DE1}.Debug|Any CPU.ActiveCfg = Debug|Any CPU
		{A89F6D75-CD5E-4FA2-B77E-99C2E37B4DE1}.Debug|Any CPU.Build.0 = Debug|Any CPU
		{A89F6D75-CD5E-4FA2-B77E-99C2E37B4DE1}.Release|Any CPU.ActiveCfg = Release|Any CPU
		{A89F6D75-CD5E-4FA2-B77E-99C2E37B4DE1}.Release|Any CPU.Build.0 = Release|Any CPU
		{A89F6D75-CD5E-4FA2-B77E-99C2E37B4DE1}.Debug|iPhoneSimulator.ActiveCfg = Debug|Any CPU
		{A89F6D75-CD5E-4FA2-B77E-99C2E37B4DE1}.Debug|iPhoneSimulator.Build.0 = Debug|Any CPU
		{A89F6D75-CD5E-4FA2-B77E-99C2E37B4DE1}.Release|iPhoneSimulator.ActiveCfg = Release|Any CPU
		{A89F6D75-CD5E-4FA2-B77E-99C2E37B4DE1}.Release|iPhoneSimulator.Build.0 = Release|Any CPU
		{A89F6D75-CD5E-4FA2-B77E-99C2E37B4DE1}.Debug|iPhone.ActiveCfg = Debug|Any CPU
		{A89F6D75-CD5E-4FA2-B77E-99C2E37B4DE1}.Debug|iPhone.Build.0 = Debug|Any CPU
		{A89F6D75-CD5E-4FA2-B77E-99C2E37B4DE1}.Release|iPhone.ActiveCfg = Release|Any CPU
		{A89F6D75-CD5E-4FA2-B77E-99C2E37B4DE1}.Release|iPhone.Build.0 = Release|Any CPU
		{A89F6D75-CD5E-4FA2-B77E-99C2E37B4DE1}.Ad-Hoc|iPhone.ActiveCfg = Debug|Any CPU
		{A89F6D75-CD5E-4FA2-B77E-99C2E37B4DE1}.Ad-Hoc|iPhone.Build.0 = Debug|Any CPU
		{A89F6D75-CD5E-4FA2-B77E-99C2E37B4DE1}.AppStore|iPhone.ActiveCfg = Debug|Any CPU
		{A89F6D75-CD5E-4FA2-B77E-99C2E37B4DE1}.AppStore|iPhone.Build.0 = Debug|Any CPU
		{695967E4-3046-4A21-8849-2D1ADBBC510A}.Debug|Any CPU.ActiveCfg = Debug|iPhoneSimulator
		{695967E4-3046-4A21-8849-2D1ADBBC510A}.Debug|Any CPU.Build.0 = Debug|iPhoneSimulator
		{695967E4-3046-4A21-8849-2D1ADBBC510A}.Release|Any CPU.ActiveCfg = Release|iPhoneSimulator
		{695967E4-3046-4A21-8849-2D1ADBBC510A}.Release|Any CPU.Build.0 = Release|iPhoneSimulator
		{695967E4-3046-4A21-8849-2D1ADBBC510A}.Debug|iPhoneSimulator.ActiveCfg = Debug|iPhoneSimulator
		{695967E4-3046-4A21-8849-2D1ADBBC510A}.Debug|iPhoneSimulator.Build.0 = Debug|iPhoneSimulator
		{695967E4-3046-4A21-8849-2D1ADBBC510A}.Release|iPhoneSimulator.ActiveCfg = Release|iPhoneSimulator
		{695967E4-3046-4A21-8849-2D1ADBBC510A}.Release|iPhoneSimulator.Build.0 = Release|iPhoneSimulator
		{695967E4-3046-4A21-8849-2D1ADBBC510A}.Debug|iPhone.ActiveCfg = Debug|iPhone
		{695967E4-3046-4A21-8849-2D1ADBBC510A}.Debug|iPhone.Build.0 = Debug|iPhone
		{695967E4-3046-4A21-8849-2D1ADBBC510A}.Release|iPhone.ActiveCfg = Release|iPhone
		{695967E4-3046-4A21-8849-2D1ADBBC510A}.Release|iPhone.Build.0 = Release|iPhone
		{695967E4-3046-4A21-8849-2D1ADBBC510A}.Ad-Hoc|iPhone.ActiveCfg = Ad-Hoc|iPhone
		{695967E4-3046-4A21-8849-2D1ADBBC510A}.Ad-Hoc|iPhone.Build.0 = Ad-Hoc|iPhone
		{695967E4-3046-4A21-8849-2D1ADBBC510A}.AppStore|iPhone.ActiveCfg = AppStore|iPhone
		{695967E4-3046-4A21-8849-2D1ADBBC510A}.AppStore|iPhone.Build.0 = AppStore|iPhone
		{022DE519-00B6-45EC-9A55-9DD4F0E1DC16}.Debug|Any CPU.ActiveCfg = Debug|Any CPU
		{022DE519-00B6-45EC-9A55-9DD4F0E1DC16}.Debug|Any CPU.Build.0 = Debug|Any CPU
		{022DE519-00B6-45EC-9A55-9DD4F0E1DC16}.Release|Any CPU.ActiveCfg = Release|Any CPU
		{022DE519-00B6-45EC-9A55-9DD4F0E1DC16}.Release|Any CPU.Build.0 = Release|Any CPU
		{022DE519-00B6-45EC-9A55-9DD4F0E1DC16}.Debug|iPhoneSimulator.ActiveCfg = Debug|Any CPU
		{022DE519-00B6-45EC-9A55-9DD4F0E1DC16}.Debug|iPhoneSimulator.Build.0 = Debug|Any CPU
		{022DE519-00B6-45EC-9A55-9DD4F0E1DC16}.Release|iPhoneSimulator.ActiveCfg = Release|Any CPU
		{022DE519-00B6-45EC-9A55-9DD4F0E1DC16}.Release|iPhoneSimulator.Build.0 = Release|Any CPU
		{022DE519-00B6-45EC-9A55-9DD4F0E1DC16}.Debug|iPhone.ActiveCfg = Debug|Any CPU
		{022DE519-00B6-45EC-9A55-9DD4F0E1DC16}.Debug|iPhone.Build.0 = Debug|Any CPU
		{022DE519-00B6-45EC-9A55-9DD4F0E1DC16}.Release|iPhone.ActiveCfg = Release|Any CPU
		{022DE519-00B6-45EC-9A55-9DD4F0E1DC16}.Release|iPhone.Build.0 = Release|Any CPU
		{022DE519-00B6-45EC-9A55-9DD4F0E1DC16}.Ad-Hoc|iPhone.ActiveCfg = Debug|Any CPU
		{022DE519-00B6-45EC-9A55-9DD4F0E1DC16}.Ad-Hoc|iPhone.Build.0 = Debug|Any CPU
		{022DE519-00B6-45EC-9A55-9DD4F0E1DC16}.AppStore|iPhone.ActiveCfg = Debug|Any CPU
		{022DE519-00B6-45EC-9A55-9DD4F0E1DC16}.AppStore|iPhone.Build.0 = Debug|Any CPU
	EndGlobalSection
EndGlobal
